PODS:
  - Flutter (1.0.0)
  - FMDB (2.7.10):
    - FMDB/standard (= 2.7.10)
  - FMDB/standard (2.7.10)
  - google_maps_flutter (0.0.1):
    - Flutter
    - GoogleMaps
  - GoogleMaps (6.2.1):
    - GoogleMaps/Maps (= 6.2.1)
  - GoogleMaps/Base (6.2.1)
  - GoogleMaps/Maps (6.2.1):
    - GoogleMaps/Base
  - image_picker (0.0.1):
    - Flutter
  - location (0.0.1):
    - Flutter
  - path_provider_ios (0.0.1):
    - Flutter
  - sqflite (0.0.2):
    - Flutter
    - FMDB (>= 2.7.5)

DEPENDENCIES:
  - Flutter (from `Flutter`)
  - google_maps_flutter (from `.symlinks/plugins/google_maps_flutter/ios`)
  - image_picker (from `.symlinks/plugins/image_picker/ios`)
  - location (from `.symlinks/plugins/location/ios`)
  - path_provider_ios (from `.symlinks/plugins/path_provider_ios/ios`)
  - sqflite (from `.symlinks/plugins/sqflite/ios`)

SPEC REPOS:
  trunk:
    - FMDB
    - GoogleMaps

EXTERNAL SOURCES:
  Flutter:
    :path: Flutter
  google_maps_flutter:
    :path: ".symlinks/plugins/google_maps_flutter/ios"
  image_picker:
    :path: ".symlinks/plugins/image_picker/ios"
  location:
    :path: ".symlinks/plugins/location/ios"
  path_provider_ios:
    :path: ".symlinks/plugins/path_provider_ios/ios"
  sqflite:
    :path: ".symlinks/plugins/sqflite/ios"

SPEC CHECKSUMS:
  Flutter: e0871f40cf51350855a761d2e70bf5af5b9b5de7
  FMDB: eae540775bf7d0c87a5af926ae37af69effe5a19
  google_maps_flutter: 33ed8e9d77c7b5ff190e26e2f9ad175b770e558a
  GoogleMaps: 20d7b12be49a14287f797e88e0e31bc4156aaeb4
  image_picker: 2c3ea5598746a76e67a721758bbd9a4fd81951b1
  location: 270786085f436c3740dcfa807d11b8b5a70f4425
  path_provider_ios: 025d0bdaa9f9ab016700ac1e07ff63415cf638e9
  sqflite: 954affaf2567c73cda074440299a625e3b2cbf8a

PODFILE CHECKSUM: 819463e6a0290f5a72f145ba7cde16e8b6ef0796

COCOAPODS: 1.16.2
